{
  "version": 4,
  "terraform_version": "1.2.1",
  "serial": 24,
  "lineage": "44ce486c-f0e2-7bdd-5275-8b964b8a9dbb",
  "outputs": {},
  "resources": [
    {
      "mode": "managed",
      "type": "aws_acm_certificate",
      "name": "cert",
      "provider": "provider[\"registry.terraform.io/hashicorp/aws\"].virginia",
      "instances": [
        {
          "schema_version": 0,
          "attributes": {
            "arn": "arn:aws:acm:us-east-1:582037776064:certificate/d5745d19-334e-4e44-b645-c57e06a0f651",
            "certificate_authority_arn": "",
            "certificate_body": null,
            "certificate_chain": null,
            "domain_name": "sample.alexmav.co.uk",
            "domain_validation_options": [
              {
                "domain_name": "sample.alexmav.co.uk",
                "resource_record_name": "_b44627e8f48055896e224d5913560b59.sample.alexmav.co.uk.",
                "resource_record_type": "CNAME",
                "resource_record_value": "_e4824185a1aaa24411e418057c098179.hnyhpvdqhv.acm-validations.aws."
              }
            ],
            "id": "arn:aws:acm:us-east-1:582037776064:certificate/d5745d19-334e-4e44-b645-c57e06a0f651",
            "options": [
              {
                "certificate_transparency_logging_preference": "ENABLED"
              }
            ],
            "private_key": null,
            "status": "ISSUED",
            "subject_alternative_names": [],
            "tags": {
              "Environment": "Sample"
            },
            "tags_all": {
              "Environment": "Sample"
            },
            "validation_emails": [],
            "validation_method": "DNS"
          },
          "sensitive_attributes": [],
          "private": "bnVsbA==",
          "create_before_destroy": true
        }
      ]
    },
    {
      "mode": "managed",
      "type": "aws_route53_zone",
      "name": "primary",
      "provider": "provider[\"registry.terraform.io/hashicorp/aws\"]",
      "instances": [
        {
          "schema_version": 0,
          "attributes": {
            "arn": "arn:aws:route53:::hostedzone/Z042147833UF8HAT6WH4W",
            "comment": "Managed by Terraform",
            "delegation_set_id": "",
            "force_destroy": false,
            "id": "Z042147833UF8HAT6WH4W",
            "name": "alexmav.co.uk",
            "name_servers": [
              "ns-1340.awsdns-39.org",
              "ns-1654.awsdns-14.co.uk",
              "ns-786.awsdns-34.net",
              "ns-83.awsdns-10.com"
            ],
            "tags": {},
            "tags_all": {},
            "vpc": [],
            "zone_id": "Z042147833UF8HAT6WH4W"
          },
          "sensitive_attributes": [],
          "private": "bnVsbA=="
        }
      ]
    }
  ]
}
