{
  "version": 4,
  "terraform_version": "1.1.7",
  "serial": 3,
  "lineage": "23fce639-192a-23bb-488d-d700e45c259d",
  "outputs": {
    "fileset-results": {
      "value": [],
      "type": [
        "set",
        "string"
      ]
    }
  },
  "resources": [
    {
      "mode": "data",
      "type": "aws_iam_policy_document",
      "name": "s3_policy",
      "provider": "provider[\"registry.terraform.io/hashicorp/aws\"]",
      "instances": []
    },
    {
      "mode": "managed",
      "type": "aws_cloudfront_distribution",
      "name": "s3_distribution",
      "provider": "provider[\"registry.terraform.io/hashicorp/aws\"]",
      "instances": []
    },
    {
      "mode": "managed",
      "type": "aws_cloudfront_origin_access_identity",
      "name": "origin_access_identity",
      "provider": "provider[\"registry.terraform.io/hashicorp/aws\"]",
      "instances": [
        {
          "schema_version": 0,
          "attributes": {
            "caller_reference": "terraform-20220411005534344900000001",
            "cloudfront_access_identity_path": "origin-access-identity/cloudfront/E2TT7CEZF91770",
            "comment": "s3-my-webapp.example.com",
            "etag": "E2RTP0R7HDVAD2",
            "iam_arn": "arn:aws:iam::cloudfront:user/CloudFront Origin Access Identity E2TT7CEZF91770",
            "id": "E2TT7CEZF91770",
            "s3_canonical_user_id": "e36ad271c55ca57486c38f00892bcc1d9e677f4142be8d19c1da94c633bf8ec8f74d0ef0e32e4015ff72075fa8da9317"
          },
          "sensitive_attributes": [],
          "private": "bnVsbA=="
        }
      ]
    },
    {
      "mode": "managed",
      "type": "aws_s3_bucket_policy",
      "name": "mybucket",
      "provider": "provider[\"registry.terraform.io/hashicorp/aws\"]",
      "instances": []
    },
    {
      "mode": "managed",
      "type": "aws_s3_bucket_public_access_block",
      "name": "mybucket",
      "provider": "provider[\"registry.terraform.io/hashicorp/aws\"]",
      "instances": []
    }
  ]
}
